
Microsoft Visual Studio Solution File, Format Version 12.00
# Visual Studio 14
VisualStudioVersion = 14.0.25420.1
MinimumVisualStudioVersion = 10.0.40219.1
Project("{FAE04EC0-301F-11D3-BF4B-00C04F79EFBC}") = "Almacen", "Almacen\Almacen.csproj", "{81A614AF-E6EB-48FE-A157-5F36DFB4018E}"
EndProject
Project("{FAE04EC0-301F-11D3-BF4B-00C04F79EFBC}") = "DAL", "DAL\DAL.csproj", "{54C89C90-028E-449E-A33B-535DAAF003D9}"
EndProject
Project("{FAE04EC0-301F-11D3-BF4B-00C04F79EFBC}") = "BLL", "BLL\BLL.csproj", "{88625F12-48E5-4A5B-B414-519873867A5F}"
EndProject
Project("{FAE04EC0-301F-11D3-BF4B-00C04F79EFBC}") = "Entidades", "Entidades\Entidades.csproj", "{2335D203-3F01-46A5-8D83-EA2D8DAAA56A}"
EndProject
Global
	GlobalSection(SolutionConfigurationPlatforms) = preSolution
		Debug|Any CPU = Debug|Any CPU
		Release|Any CPU = Release|Any CPU
	EndGlobalSection
	GlobalSection(ProjectConfigurationPlatforms) = postSolution
		{81A614AF-E6EB-48FE-A157-5F36DFB4018E}.Debug|Any CPU.ActiveCfg = Debug|Any CPU
		{81A614AF-E6EB-48FE-A157-5F36DFB4018E}.Debug|Any CPU.Build.0 = Debug|Any CPU
		{81A614AF-E6EB-48FE-A157-5F36DFB4018E}.Release|Any CPU.ActiveCfg = Release|Any CPU
		{81A614AF-E6EB-48FE-A157-5F36DFB4018E}.Release|Any CPU.Build.0 = Release|Any CPU
		{54C89C90-028E-449E-A33B-535DAAF003D9}.Debug|Any CPU.ActiveCfg = Debug|Any CPU
		{54C89C90-028E-449E-A33B-535DAAF003D9}.Debug|Any CPU.Build.0 = Debug|Any CPU
		{54C89C90-028E-449E-A33B-535DAAF003D9}.Release|Any CPU.ActiveCfg = Release|Any CPU
		{54C89C90-028E-449E-A33B-535DAAF003D9}.Release|Any CPU.Build.0 = Release|Any CPU
		{88625F12-48E5-4A5B-B414-519873867A5F}.Debug|Any CPU.ActiveCfg = Debug|Any CPU
		{88625F12-48E5-4A5B-B414-519873867A5F}.Debug|Any CPU.Build.0 = Debug|Any CPU
		{88625F12-48E5-4A5B-B414-519873867A5F}.Release|Any CPU.ActiveCfg = Release|Any CPU
		{88625F12-48E5-4A5B-B414-519873867A5F}.Release|Any CPU.Build.0 = Release|Any CPU
		{2335D203-3F01-46A5-8D83-EA2D8DAAA56A}.Debug|Any CPU.ActiveCfg = Debug|Any CPU
		{2335D203-3F01-46A5-8D83-EA2D8DAAA56A}.Debug|Any CPU.Build.0 = Debug|Any CPU
		{2335D203-3F01-46A5-8D83-EA2D8DAAA56A}.Release|Any CPU.ActiveCfg = Release|Any CPU
		{2335D203-3F01-46A5-8D83-EA2D8DAAA56A}.Release|Any CPU.Build.0 = Release|Any CPU
	EndGlobalSection
	GlobalSection(SolutionProperties) = preSolution
		HideSolutionNode = FALSE
	EndGlobalSection
EndGlobal
